
Microsoft Visual Studio Solution File, Format Version 12.00
# Visual Studio Version 16
VisualStudioVersion = 16.0.35425.106
MinimumVisualStudioVersion = 10.0.40219.1
Project("{8BC9CEB8-8B4A-11D0-8D11-00A0C91BC942}") = "Laborator 2", "Laborator 2\Laborator 2.vcxproj", "{050D440C-5D7F-42BA-A5C3-16C2C28DE641}"
EndProject
Global
	GlobalSection(SolutionConfigurationPlatforms) = preSolution
		Debug|x64 = Debug|x64
		Debug|x86 = Debug|x86
		Release|x64 = Release|x64
		Release|x86 = Release|x86
	EndGlobalSection
	GlobalSection(ProjectConfigurationPlatforms) = postSolution
		{050D440C-5D7F-42BA-A5C3-16C2C28DE641}.Debug|x64.ActiveCfg = Debug|x64
		{050D440C-5D7F-42BA-A5C3-16C2C28DE641}.Debug|x64.Build.0 = Debug|x64
		{050D440C-5D7F-42BA-A5C3-16C2C28DE641}.Debug|x86.ActiveCfg = Debug|Win32
		{050D440C-5D7F-42BA-A5C3-16C2C28DE641}.Debug|x86.Build.0 = Debug|Win32
		{050D440C-5D7F-42BA-A5C3-16C2C28DE641}.Release|x64.ActiveCfg = Release|x64
		{050D440C-5D7F-42BA-A5C3-16C2C28DE641}.Release|x64.Build.0 = Release|x64
		{050D440C-5D7F-42BA-A5C3-16C2C28DE641}.Release|x86.ActiveCfg = Release|Win32
		{050D440C-5D7F-42BA-A5C3-16C2C28DE641}.Release|x86.Build.0 = Release|Win32
	EndGlobalSection
	GlobalSection(SolutionProperties) = preSolution
		HideSolutionNode = FALSE
	EndGlobalSection
	GlobalSection(ExtensibilityGlobals) = postSolution
		SolutionGuid = {A685BC5B-557E-4E3C-9DC2-2E2E6448FDDE}
	EndGlobalSection
EndGlobal
